
Microsoft Visual Studio Solution File, Format Version 12.00
# Visual Studio Version 16
VisualStudioVersion = 16.0.29519.181
MinimumVisualStudioVersion = 10.0.40219.1
Project("{9A19103F-16F7-4668-BE54-9A1E7A4F7556}") = "RedisProvider", "src\RedisProvider\RedisProvider.csproj", "{ADAB8BA5-DD83-41CE-8B61-65134505D0C6}"
EndProject
Project("{9A19103F-16F7-4668-BE54-9A1E7A4F7556}") = "RedisProvider.Tests", "test\RedisProvider.Tests\RedisProvider.Tests.csproj", "{42935841-5BC1-4862-9484-2EDEFBF35080}"
EndProject
Global
	GlobalSection(SolutionConfigurationPlatforms) = preSolution
		Debug|Any CPU = Debug|Any CPU
		Release|Any CPU = Release|Any CPU
	EndGlobalSection
	GlobalSection(ProjectConfigurationPlatforms) = postSolution
		{ADAB8BA5-DD83-41CE-8B61-65134505D0C6}.Debug|Any CPU.ActiveCfg = Debug|Any CPU
		{ADAB8BA5-DD83-41CE-8B61-65134505D0C6}.Debug|Any CPU.Build.0 = Debug|Any CPU
		{ADAB8BA5-DD83-41CE-8B61-65134505D0C6}.Release|Any CPU.ActiveCfg = Release|Any CPU
		{ADAB8BA5-DD83-41CE-8B61-65134505D0C6}.Release|Any CPU.Build.0 = Release|Any CPU
		{42935841-5BC1-4862-9484-2EDEFBF35080}.Debug|Any CPU.ActiveCfg = Debug|Any CPU
		{42935841-5BC1-4862-9484-2EDEFBF35080}.Debug|Any CPU.Build.0 = Debug|Any CPU
		{42935841-5BC1-4862-9484-2EDEFBF35080}.Release|Any CPU.ActiveCfg = Release|Any CPU
		{42935841-5BC1-4862-9484-2EDEFBF35080}.Release|Any CPU.Build.0 = Release|Any CPU
	EndGlobalSection
	GlobalSection(SolutionProperties) = preSolution
		HideSolutionNode = FALSE
	EndGlobalSection
	GlobalSection(ExtensibilityGlobals) = postSolution
		SolutionGuid = {AC7909D9-1AF8-4E34-BF02-4FE4C2C41CBD}
	EndGlobalSection
EndGlobal
